// !$*UTF8*$!
{
	archiveVersion = 1;
	classes = {
	};
	objectVersion = 56;
	objects = {

/* Begin PBXBuildFile section */
		6DE1E4C42B6635AB0022EA19 /* EmojiChangerApp.swift in Sources */ = {isa = PBXBuildFile; fileRef = 6DE1E4C32B6635AB0022EA19 /* EmojiChangerApp.swift */; };
		6DE1E4C62B6635AB0022EA19 /* ContentView.swift in Sources */ = {isa = PBXBuildFile; fileRef = 6DE1E4C52B6635AB0022EA19 /* ContentView.swift */; };
		6DE1E4C82B6635AC0022EA19 /* Assets.xcassets in Resources */ = {isa = PBXBuildFile; fileRef = 6DE1E4C72B6635AC0022EA19 /* Assets.xcassets */; };
		6DE1E4CB2B6635AC0022EA19 /* Preview Assets.xcassets in Resources */ = {isa = PBXBuildFile; fileRef = 6DE1E4CA2B6635AC0022EA19 /* Preview Assets.xcassets */; };
		6DE1E4D82B6635C10022EA19 /* WidgetKit.framework in Frameworks */ = {isa = PBXBuildFile; fileRef = 6DE1E4D72B6635C10022EA19 /* WidgetKit.framework */; };
		6DE1E4DA2B6635C10022EA19 /* SwiftUI.framework in Frameworks */ = {isa = PBXBuildFile; fileRef = 6DE1E4D92B6635C10022EA19 /* SwiftUI.framework */; };
		6DE1E4DD2B6635C10022EA19 /* EmojiChangerWidgetBundle.swift in Sources */ = {isa = PBXBuildFile; fileRef = 6DE1E4DC2B6635C10022EA19 /* EmojiChangerWidgetBundle.swift */; };
		6DE1E4DF2B6635C10022EA19 /* EmojiChangerWidget.swift in Sources */ = {isa = PBXBuildFile; fileRef = 6DE1E4DE2B6635C10022EA19 /* EmojiChangerWidget.swift */; };
		6DE1E4E12B6635C20022EA19 /* Assets.xcassets in Resources */ = {isa = PBXBuildFile; fileRef = 6DE1E4E02B6635C20022EA19 /* Assets.xcassets */; };
		6DE1E4E52B6635C20022EA19 /* EmojiChangerWidgetExtension.appex in Embed Foundation Extensions */ = {isa = PBXBuildFile; fileRef = 6DE1E4D52B6635C10022EA19 /* EmojiChangerWidgetExtension.appex */; settings = {ATTRIBUTES = (RemoveHeadersOnCopy, ); }; };
/* End PBXBuildFile section */

/* Begin PBXContainerItemProxy section */
		6DE1E4E32B6635C20022EA19 /* PBXContainerItemProxy */ = {
			isa = PBXContainerItemProxy;
			containerPortal = 6DE1E4B82B6635AB0022EA19 /* Project object */;
			proxyType = 1;
			remoteGlobalIDString = 6DE1E4D42B6635C10022EA19;
			remoteInfo = EmojiChangerWidgetExtension;
		};
/* End PBXContainerItemProxy section */

/* Begin PBXCopyFilesBuildPhase section */
		6DE1E4E92B6635C20022EA19 /* Embed Foundation Extensions */ = {
			isa = PBXCopyFilesBuildPhase;
			buildActionMask = 2147483647;
			dstPath = "";
			dstSubfolderSpec = 13;
			files = (
				6DE1E4E52B6635C20022EA19 /* EmojiChangerWidgetExtension.appex in Embed Foundation Extensions */,
			);
			name = "Embed Foundation Extensions";
			runOnlyForDeploymentPostprocessing = 0;
		};
/* End PBXCopyFilesBuildPhase section */

/* Begin PBXFileReference section */
		6DE1E4C02B6635AB0022EA19 /* EmojiChanger.app */ = {isa = PBXFileReference; explicitFileType = wrapper.application; includeInIndex = 0; path = EmojiChanger.app; sourceTree = BUILT_PRODUCTS_DIR; };
		6DE1E4C32B6635AB0022EA19 /* EmojiChangerApp.swift */ = {isa = PBXFileReference; lastKnownFileType = sourcecode.swift; path = EmojiChangerApp.swift; sourceTree = "<group>"; };
		6DE1E4C52B6635AB0022EA19 /* ContentView.swift */ = {isa = PBXFileReference; lastKnownFileType = sourcecode.swift; path = ContentView.swift; sourceTree = "<group>"; };
		6DE1E4C72B6635AC0022EA19 /* Assets.xcassets */ = {isa = PBXFileReference; lastKnownFileType = folder.assetcatalog; path = Assets.xcassets; sourceTree = "<group>"; };
		6DE1E4CA2B6635AC0022EA19 /* Preview Assets.xcassets */ = {isa = PBXFileReference; lastKnownFileType = folder.assetcatalog; path = "Preview Assets.xcassets"; sourceTree = "<group>"; };
		6DE1E4D52B6635C10022EA19 /* EmojiChangerWidgetExtension.appex */ = {isa = PBXFileReference; explicitFileType = "wrapper.app-extension"; includeInIndex = 0; path = EmojiChangerWidgetExtension.appex; sourceTree = BUILT_PRODUCTS_DIR; };
		6DE1E4D72B6635C10022EA19 /* WidgetKit.framework */ = {isa = PBXFileReference; lastKnownFileType = wrapper.framework; name = WidgetKit.framework; path = System/Library/Frameworks/WidgetKit.framework; sourceTree = SDKROOT; };
		6DE1E4D92B6635C10022EA19 /* SwiftUI.framework */ = {isa = PBXFileReference; lastKnownFileType = wrapper.framework; name = SwiftUI.framework; path = System/Library/Frameworks/SwiftUI.framework; sourceTree = SDKROOT; };
		6DE1E4DC2B6635C10022EA19 /* EmojiChangerWidgetBundle.swift */ = {isa = PBXFileReference; lastKnownFileType = sourcecode.swift; path = EmojiChangerWidgetBundle.swift; sourceTree = "<group>"; };
		6DE1E4DE2B6635C10022EA19 /* EmojiChangerWidget.swift */ = {isa = PBXFileReference; lastKnownFileType = sourcecode.swift; path = EmojiChangerWidget.swift; sourceTree = "<group>"; };
		6DE1E4E02B6635C20022EA19 /* Assets.xcassets */ = {isa = PBXFileReference; lastKnownFileType = folder.assetcatalog; path = Assets.xcassets; sourceTree = "<group>"; };
		6DE1E4E22B6635C20022EA19 /* Info.plist */ = {isa = PBXFileReference; lastKnownFileType = text.plist.xml; path = Info.plist; sourceTree = "<group>"; };
/* End PBXFileReference section */

/* Begin PBXFrameworksBuildPhase section */
		6DE1E4BD2B6635AB0022EA19 /* Frameworks */ = {
			isa = PBXFrameworksBuildPhase;
			buildActionMask = 2147483647;
			files = (
			);
			runOnlyForDeploymentPostprocessing = 0;
		};
		6DE1E4D22B6635C10022EA19 /* Frameworks */ = {
			isa = PBXFrameworksBuildPhase;
			buildActionMask = 2147483647;
			files = (
				6DE1E4DA2B6635C10022EA19 /* SwiftUI.framework in Frameworks */,
				6DE1E4D82B6635C10022EA19 /* WidgetKit.framework in Frameworks */,
			);
			runOnlyForDeploymentPostprocessing = 0;
		};
/* End PBXFrameworksBuildPhase section */

/* Begin PBXGroup section */
		6DE1E4B72B6635AB0022EA19 = {
			isa = PBXGroup;
			children = (
				6DE1E4C22B6635AB0022EA19 /* EmojiChanger */,
				6DE1E4DB2B6635C10022EA19 /* EmojiChangerWidget */,
				6DE1E4D62B6635C10022EA19 /* Frameworks */,
				6DE1E4C12B6635AB0022EA19 /* Products */,
			);
			sourceTree = "<group>";
		};
		6DE1E4C12B6635AB0022EA19 /* Products */ = {
			isa = PBXGroup;
			children = (
				6DE1E4C02B6635AB0022EA19 /* EmojiChanger.app */,
				6DE1E4D52B6635C10022EA19 /* EmojiChangerWidgetExtension.appex */,
			);
			name = Products;
			sourceTree = "<group>";
		};
		6DE1E4C22B6635AB0022EA19 /* EmojiChanger */ = {
			isa = PBXGroup;
			children = (
				6DE1E4C32B6635AB0022EA19 /* EmojiChangerApp.swift */,
				6DE1E4C52B6635AB0022EA19 /* ContentView.swift */,
				6DE1E4C72B6635AC0022EA19 /* Assets.xcassets */,
				6DE1E4C92B6635AC0022EA19 /* Preview Content */,
			);
			path = EmojiChanger;
			sourceTree = "<group>";
		};
		6DE1E4C92B6635AC0022EA19 /* Preview Content */ = {
			isa = PBXGroup;
			children = (
				6DE1E4CA2B6635AC0022EA19 /* Preview Assets.xcassets */,
			);
			path = "Preview Content";
			sourceTree = "<group>";
		};
		6DE1E4D62B6635C10022EA19 /* Frameworks */ = {
			isa = PBXGroup;
			children = (
				6DE1E4D72B6635C10022EA19 /* WidgetKit.framework */,
				6DE1E4D92B6635C10022EA19 /* SwiftUI.framework */,
			);
			name = Frameworks;
			sourceTree = "<group>";
		};
		6DE1E4DB2B6635C10022EA19 /* EmojiChangerWidget */ = {
			isa = PBXGroup;
			children = (
				6DE1E4DC2B6635C10022EA19 /* EmojiChangerWidgetBundle.swift */,
				6DE1E4DE2B6635C10022EA19 /* EmojiChangerWidget.swift */,
				6DE1E4E02B6635C20022EA19 /* Assets.xcassets */,
				6DE1E4E22B6635C20022EA19 /* Info.plist */,
			);
			path = EmojiChangerWidget;
			sourceTree = "<group>";
		};
/* End PBXGroup section */

/* Begin PBXNativeTarget section */
		6DE1E4BF2B6635AB0022EA19 /* EmojiChanger */ = {
			isa = PBXNativeTarget;
			buildConfigurationList = 6DE1E4CE2B6635AC0022EA19 /* Build configuration list for PBXNativeTarget "EmojiChanger" */;
			buildPhases = (
				6DE1E4BC2B6635AB0022EA19 /* Sources */,
				6DE1E4BD2B6635AB0022EA19 /* Frameworks */,
				6DE1E4BE2B6635AB0022EA19 /* Resources */,
				6DE1E4E92B6635C20022EA19 /* Embed Foundation Extensions */,
			);
			buildRules = (
			);
			dependencies = (
				6DE1E4E42B6635C20022EA19 /* PBXTargetDependency */,
			);
			name = EmojiChanger;
			productName = EmojiChanger;
			productReference = 6DE1E4C02B6635AB0022EA19 /* EmojiChanger.app */;
			productType = "com.apple.product-type.application";
		};
		6DE1E4D42B6635C10022EA19 /* EmojiChangerWidgetExtension */ = {
			isa = PBXNativeTarget;
			buildConfigurationList = 6DE1E4E62B6635C20022EA19 /* Build configuration list for PBXNativeTarget "EmojiChangerWidgetExtension" */;
			buildPhases = (
				6DE1E4D12B6635C10022EA19 /* Sources */,
				6DE1E4D22B6635C10022EA19 /* Frameworks */,
				6DE1E4D32B6635C10022EA19 /* Resources */,
			);
			buildRules = (
			);
			dependencies = (
			);
			name = EmojiChangerWidgetExtension;
			productName = EmojiChangerWidgetExtension;
			productReference = 6DE1E4D52B6635C10022EA19 /* EmojiChangerWidgetExtension.appex */;
			productType = "com.apple.product-type.app-extension";
		};
/* End PBXNativeTarget section */

/* Begin PBXProject section */
		6DE1E4B82B6635AB0022EA19 /* Project object */ = {
			isa = PBXProject;
			attributes = {
				BuildIndependentTargetsInParallel = 1;
				LastSwiftUpdateCheck = 1500;
				LastUpgradeCheck = 1500;
				TargetAttributes = {
					6DE1E4BF2B6635AB0022EA19 = {
						CreatedOnToolsVersion = 15.0;
					};
					6DE1E4D42B6635C10022EA19 = {
						CreatedOnToolsVersion = 15.0;
					};
				};
			};
			buildConfigurationList = 6DE1E4BB2B6635AB0022EA19 /* Build configuration list for PBXProject "EmojiChanger" */;
			compatibilityVersion = "Xcode 14.0";
			developmentRegion = en;
			hasScannedForEncodings = 0;
			knownRegions = (
				en,
				Base,
			);
			mainGroup = 6DE1E4B72B6635AB0022EA19;
			productRefGroup = 6DE1E4C12B6635AB0022EA19 /* Products */;
			projectDirPath = "";
			projectRoot = "";
			targets = (
				6DE1E4BF2B6635AB0022EA19 /* EmojiChanger */,
				6DE1E4D42B6635C10022EA19 /* EmojiChangerWidgetExtension */,
			);
		};
/* End PBXProject section */

/* Begin PBXResourcesBuildPhase section */
		6DE1E4BE2B6635AB0022EA19 /* Resources */ = {
			isa = PBXResourcesBuildPhase;
			buildActionMask = 2147483647;
			files = (
				6DE1E4CB2B6635AC0022EA19 /* Preview Assets.xcassets in Resources */,
				6DE1E4C82B6635AC0022EA19 /* Assets.xcassets in Resources */,
			);
			runOnlyForDeploymentPostprocessing = 0;
		};
		6DE1E4D32B6635C10022EA19 /* Resources */ = {
			isa = PBXResourcesBuildPhase;
			buildActionMask = 2147483647;
			files = (
				6DE1E4E12B6635C20022EA19 /* Assets.xcassets in Resources */,
			);
			runOnlyForDeploymentPostprocessing = 0;
		};
/* End PBXResourcesBuildPhase section */

/* Begin PBXSourcesBuildPhase section */
		6DE1E4BC2B6635AB0022EA19 /* Sources */ = {
			isa = PBXSourcesBuildPhase;
			buildActionMask = 2147483647;
			files = (
				6DE1E4C62B6635AB0022EA19 /* ContentView.swift in Sources */,
				6DE1E4C42B6635AB0022EA19 /* EmojiChangerApp.swift in Sources */,
			);
			runOnlyForDeploymentPostprocessing = 0;
		};
		6DE1E4D12B6635C10022EA19 /* Sources */ = {
			isa = PBXSourcesBuildPhase;
			buildActionMask = 2147483647;
			files = (
				6DE1E4DD2B6635C10022EA19 /* EmojiChangerWidgetBundle.swift in Sources */,
				6DE1E4DF2B6635C10022EA19 /* EmojiChangerWidget.swift in Sources */,
			);
			runOnlyForDeploymentPostprocessing = 0;
		};
/* End PBXSourcesBuildPhase section */

/* Begin PBXTargetDependency section */
		6DE1E4E42B6635C20022EA19 /* PBXTargetDependency */ = {
			isa = PBXTargetDependency;
			target = 6DE1E4D42B6635C10022EA19 /* EmojiChangerWidgetExtension */;
			targetProxy = 6DE1E4E32B6635C20022EA19 /* PBXContainerItemProxy */;
		};
/* End PBXTargetDependency section */

/* Begin XCBuildConfiguration section */
		6DE1E4CC2B6635AC0022EA19 /* Debug */ = {
			isa = XCBuildConfiguration;
			buildSettings = {
				ALWAYS_SEARCH_USER_PATHS = NO;
				ASSETCATALOG_COMPILER_GENERATE_SWIFT_ASSET_SYMBOL_EXTENSIONS = YES;
				CLANG_ANALYZER_NONNULL = YES;
				CLANG_ANALYZER_NUMBER_OBJECT_CONVERSION = YES_AGGRESSIVE;
				CLANG_CXX_LANGUAGE_STANDARD = "gnu++20";
				CLANG_ENABLE_MODULES = YES;
				CLANG_ENABLE_OBJC_ARC = YES;
				CLANG_ENABLE_OBJC_WEAK = YES;
				CLANG_WARN_BLOCK_CAPTURE_AUTORELEASING = YES;
				CLANG_WARN_BOOL_CONVERSION = YES;
				CLANG_WARN_COMMA = YES;
				CLANG_WARN_CONSTANT_CONVERSION = YES;
				CLANG_WARN_DEPRECATED_OBJC_IMPLEMENTATIONS = YES;
				CLANG_WARN_DIRECT_OBJC_ISA_USAGE = YES_ERROR;
				CLANG_WARN_DOCUMENTATION_COMMENTS = YES;
				CLANG_WARN_EMPTY_BODY = YES;
				CLANG_WARN_ENUM_CONVERSION = YES;
				CLANG_WARN_INFINITE_RECURSION = YES;
				CLANG_WARN_INT_CONVERSION = YES;
				CLANG_WARN_NON_LITERAL_NULL_CONVERSION = YES;
				CLANG_WARN_OBJC_IMPLICIT_RETAIN_SELF = YES;
				CLANG_WARN_OBJC_LITERAL_CONVERSION = YES;
				CLANG_WARN_OBJC_ROOT_CLASS = YES_ERROR;
				CLANG_WARN_QUOTED_INCLUDE_IN_FRAMEWORK_HEADER = YES;
				CLANG_WARN_RANGE_LOOP_ANALYSIS = YES;
				CLANG_WARN_STRICT_PROTOTYPES = YES;
				CLANG_WARN_SUSPICIOUS_MOVE = YES;
				CLANG_WARN_UNGUARDED_AVAILABILITY = YES_AGGRESSIVE;
				CLANG_WARN_UNREACHABLE_CODE = YES;
				CLANG_WARN__DUPLICATE_METHOD_MATCH = YES;
				COPY_PHASE_STRIP = NO;
				DEBUG_INFORMATION_FORMAT = dwarf;
				ENABLE_STRICT_OBJC_MSGSEND = YES;
				ENABLE_TESTABILITY = YES;
				ENABLE_USER_SCRIPT_SANDBOXING = YES;
				GCC_C_LANGUAGE_STANDARD = gnu17;
				GCC_DYNAMIC_NO_PIC = NO;
				GCC_NO_COMMON_BLOCKS = YES;
				GCC_OPTIMIZATION_LEVEL = 0;
				GCC_PREPROCESSOR_DEFINITIONS = (
					"DEBUG=1",
					"$(inherited)",
				);
				GCC_WARN_64_TO_32_BIT_CONVERSION = YES;
				GCC_WARN_ABOUT_RETURN_TYPE = YES_ERROR;
				GCC_WARN_UNDECLARED_SELECTOR = YES;
				GCC_WARN_UNINITIALIZED_AUTOS = YES_AGGRESSIVE;
				GCC_WARN_UNUSED_FUNCTION = YES;
				GCC_WARN_UNUSED_VARIABLE = YES;
				IPHONEOS_DEPLOYMENT_TARGET = 17.0;
				LOCALIZATION_PREFERS_STRING_CATALOGS = YES;
				MTL_ENABLE_DEBUG_INFO = INCLUDE_SOURCE;
				MTL_FAST_MATH = YES;
				ONLY_ACTIVE_ARCH = YES;
				SDKROOT = iphoneos;
				SWIFT_ACTIVE_COMPILATION_CONDITIONS = "DEBUG $(inherited)";
				SWIFT_OPTIMIZATION_LEVEL = "-Onone";
			};
			name = Debug;
		};
		6DE1E4CD2B6635AC0022EA19 /* Release */ = {
			isa = XCBuildConfiguration;
			buildSettings = {
				ALWAYS_SEARCH_USER_PATHS = NO;
				ASSETCATALOG_COMPILER_GENERATE_SWIFT_ASSET_SYMBOL_EXTENSIONS = YES;
				CLANG_ANALYZER_NONNULL = YES;
				CLANG_ANALYZER_NUMBER_OBJECT_CONVERSION = YES_AGGRESSIVE;
				CLANG_CXX_LANGUAGE_STANDARD = "gnu++20";
				CLANG_ENABLE_MODULES = YES;
				CLANG_ENABLE_OBJC_ARC = YES;
				CLANG_ENABLE_OBJC_WEAK = YES;
				CLANG_WARN_BLOCK_CAPTURE_AUTORELEASING = YES;
				CLANG_WARN_BOOL_CONVERSION = YES;
				CLANG_WARN_COMMA = YES;
				CLANG_WARN_CONSTANT_CONVERSION = YES;
				CLANG_WARN_DEPRECATED_OBJC_IMPLEMENTATIONS = YES;
				CLANG_WARN_DIRECT_OBJC_ISA_USAGE = YES_ERROR;
				CLANG_WARN_DOCUMENTATION_COMMENTS = YES;
				CLANG_WARN_EMPTY_BODY = YES;
				CLANG_WARN_ENUM_CONVERSION = YES;
				CLANG_WARN_INFINITE_RECURSION = YES;
				CLANG_WARN_INT_CONVERSION = YES;
				CLANG_WARN_NON_LITERAL_NULL_CONVERSION = YES;
				CLANG_WARN_OBJC_IMPLICIT_RETAIN_SELF = YES;
				CLANG_WARN_OBJC_LITERAL_CONVERSION = YES;
				CLANG_WARN_OBJC_ROOT_CLASS = YES_ERROR;
				CLANG_WARN_QUOTED_INCLUDE_IN_FRAMEWORK_HEADER = YES;
				CLANG_WARN_RANGE_LOOP_ANALYSIS = YES;
				CLANG_WARN_STRICT_PROTOTYPES = YES;
				CLANG_WARN_SUSPICIOUS_MOVE = YES;
				CLANG_WARN_UNGUARDED_AVAILABILITY = YES_AGGRESSIVE;
				CLANG_WARN_UNREACHABLE_CODE = YES;
				CLANG_WARN__DUPLICATE_METHOD_MATCH = YES;
				COPY_PHASE_STRIP = NO;
				DEBUG_INFORMATION_FORMAT = "dwarf-with-dsym";
				ENABLE_NS_ASSERTIONS = NO;
				ENABLE_STRICT_OBJC_MSGSEND = YES;
				ENABLE_USER_SCRIPT_SANDBOXING = YES;
				GCC_C_LANGUAGE_STANDARD = gnu17;
				GCC_NO_COMMON_BLOCKS = YES;
				GCC_WARN_64_TO_32_BIT_CONVERSION = YES;
				GCC_WARN_ABOUT_RETURN_TYPE = YES_ERROR;
				GCC_WARN_UNDECLARED_SELECTOR = YES;
				GCC_WARN_UNINITIALIZED_AUTOS = YES_AGGRESSIVE;
				GCC_WARN_UNUSED_FUNCTION = YES;
				GCC_WARN_UNUSED_VARIABLE = YES;
				IPHONEOS_DEPLOYMENT_TARGET = 17.0;
				LOCALIZATION_PREFERS_STRING_CATALOGS = YES;
				MTL_ENABLE_DEBUG_INFO = NO;
				MTL_FAST_MATH = YES;
				SDKROOT = iphoneos;
				SWIFT_COMPILATION_MODE = wholemodule;
				VALIDATE_PRODUCT = YES;
			};
			name = Release;
		};
		6DE1E4CF2B6635AC0022EA19 /* Debug */ = {
			isa = XCBuildConfiguration;
			buildSettings = {
				ALWAYS_EMBED_SWIFT_STANDARD_LIBRARIES = YES;
				ASSETCATALOG_COMPILER_APPICON_NAME = AppIcon;
				ASSETCATALOG_COMPILER_GLOBAL_ACCENT_COLOR_NAME = AccentColor;
				CODE_SIGN_STYLE = Automatic;
				CURRENT_PROJECT_VERSION = 1;
				DEVELOPMENT_ASSET_PATHS = "\"EmojiChanger/Preview Content\"";
				DEVELOPMENT_TEAM = 338Q9978G6;
				ENABLE_PREVIEWS = YES;
				GENERATE_INFOPLIST_FILE = YES;
				INFOPLIST_KEY_UIApplicationSceneManifest_Generation = YES;
				INFOPLIST_KEY_UIApplicationSupportsIndirectInputEvents = YES;
				INFOPLIST_KEY_UILaunchScreen_Generation = YES;
				INFOPLIST_KEY_UISupportedInterfaceOrientations_iPad = "UIInterfaceOrientationPortrait UIInterfaceOrientationPortraitUpsideDown UIInterfaceOrientationLandscapeLeft UIInterfaceOrientationLandscapeRight";
				INFOPLIST_KEY_UISupportedInterfaceOrientations_iPhone = "UIInterfaceOrientationPortrait UIInterfaceOrientationLandscapeLeft UIInterfaceOrientationLandscapeRight";
				LD_RUNPATH_SEARCH_PATHS = (
					"$(inherited)",
					"@executable_path/Frameworks",
				);
				MARKETING_VERSION = 1.0;
				PRODUCT_BUNDLE_IDENTIFIER = nahidul.EmojiChanger;
				PRODUCT_NAME = "$(TARGET_NAME)";
				SWIFT_EMIT_LOC_STRINGS = YES;
				SWIFT_VERSION = 5.0;
				TARGETED_DEVICE_FAMILY = "1,2";
			};
			name = Debug;
		};
		6DE1E4D02B6635AC0022EA19 /* Release */ = {
			isa = XCBuildConfiguration;
			buildSettings = {
				ALWAYS_EMBED_SWIFT_STANDARD_LIBRARIES = YES;
				ASSETCATALOG_COMPILER_APPICON_NAME = AppIcon;
				ASSETCATALOG_COMPILER_GLOBAL_ACCENT_COLOR_NAME = AccentColor;
				CODE_SIGN_STYLE = Automatic;
				CURRENT_PROJECT_VERSION = 1;
				DEVELOPMENT_ASSET_PATHS = "\"EmojiChanger/Preview Content\"";
				DEVELOPMENT_TEAM = 338Q9978G6;
				ENABLE_PREVIEWS = YES;
				GENERATE_INFOPLIST_FILE = YES;
				INFOPLIST_KEY_UIApplicationSceneManifest_Generation = YES;
				INFOPLIST_KEY_UIApplicationSupportsIndirectInputEvents = YES;
				INFOPLIST_KEY_UILaunchScreen_Generation = YES;
				INFOPLIST_KEY_UISupportedInterfaceOrientations_iPad = "UIInterfaceOrientationPortrait UIInterfaceOrientationPortraitUpsideDown UIInterfaceOrientationLandscapeLeft UIInterfaceOrientationLandscapeRight";
				INFOPLIST_KEY_UISupportedInterfaceOrientations_iPhone = "UIInterfaceOrientationPortrait UIInterfaceOrientationLandscapeLeft UIInterfaceOrientationLandscapeRight";
				LD_RUNPATH_SEARCH_PATHS = (
					"$(inherited)",
					"@executable_path/Frameworks",
				);
				MARKETING_VERSION = 1.0;
				PRODUCT_BUNDLE_IDENTIFIER = nahidul.EmojiChanger;
				PRODUCT_NAME = "$(TARGET_NAME)";
				SWIFT_EMIT_LOC_STRINGS = YES;
				SWIFT_VERSION = 5.0;
				TARGETED_DEVICE_FAMILY = "1,2";
			};
			name = Release;
		};
		6DE1E4E72B6635C20022EA19 /* Debug */ = {
			isa = XCBuildConfiguration;
			buildSettings = {
				ASSETCATALOG_COMPILER_GLOBAL_ACCENT_COLOR_NAME = AccentColor;
				ASSETCATALOG_COMPILER_WIDGET_BACKGROUND_COLOR_NAME = WidgetBackground;
				CODE_SIGN_STYLE = Automatic;
				CURRENT_PROJECT_VERSION = 1;
				DEVELOPMENT_TEAM = 338Q9978G6;
				GENERATE_INFOPLIST_FILE = YES;
				INFOPLIST_FILE = EmojiChangerWidget/Info.plist;
				INFOPLIST_KEY_CFBundleDisplayName = EmojiChangerWidget;
				INFOPLIST_KEY_NSHumanReadableCopyright = "";
				LD_RUNPATH_SEARCH_PATHS = (
					"$(inherited)",
					"@executable_path/Frameworks",
					"@executable_path/../../Frameworks",
				);
				MARKETING_VERSION = 1.0;
				PRODUCT_BUNDLE_IDENTIFIER = nahidul.EmojiChanger.EmojiChangerWidget;
				PRODUCT_NAME = "$(TARGET_NAME)";
				SKIP_INSTALL = YES;
				SWIFT_EMIT_LOC_STRINGS = YES;
				SWIFT_VERSION = 5.0;
				TARGETED_DEVICE_FAMILY = "1,2";
			};
			name = Debug;
		};
		6DE1E4E82B6635C20022EA19 /* Release */ = {
			isa = XCBuildConfiguration;
			buildSettings = {
				ASSETCATALOG_COMPILER_GLOBAL_ACCENT_COLOR_NAME = AccentColor;
				ASSETCATALOG_COMPILER_WIDGET_BACKGROUND_COLOR_NAME = WidgetBackground;
				CODE_SIGN_STYLE = Automatic;
				CURRENT_PROJECT_VERSION = 1;
				DEVELOPMENT_TEAM = 338Q9978G6;
				GENERATE_INFOPLIST_FILE = YES;
				INFOPLIST_FILE = EmojiChangerWidget/Info.plist;
				INFOPLIST_KEY_CFBundleDisplayName = EmojiChangerWidget;
				INFOPLIST_KEY_NSHumanReadableCopyright = "";
				LD_RUNPATH_SEARCH_PATHS = (
					"$(inherited)",
					"@executable_path/Frameworks",
					"@executable_path/../../Frameworks",
				);
				MARKETING_VERSION = 1.0;
				PRODUCT_BUNDLE_IDENTIFIER = nahidul.EmojiChanger.EmojiChangerWidget;
				PRODUCT_NAME = "$(TARGET_NAME)";
				SKIP_INSTALL = YES;
				SWIFT_EMIT_LOC_STRINGS = YES;
				SWIFT_VERSION = 5.0;
				TARGETED_DEVICE_FAMILY = "1,2";
			};
			name = Release;
		};
/* End XCBuildConfiguration section */

/* Begin XCConfigurationList section */
		6DE1E4BB2B6635AB0022EA19 /* Build configuration list for PBXProject "EmojiChanger" */ = {
			isa = XCConfigurationList;
			buildConfigurations = (
				6DE1E4CC2B6635AC0022EA19 /* Debug */,
				6DE1E4CD2B6635AC0022EA19 /* Release */,
			);
			defaultConfigurationIsVisible = 0;
			defaultConfigurationName = Release;
		};
		6DE1E4CE2B6635AC0022EA19 /* Build configuration list for PBXNativeTarget "EmojiChanger" */ = {
			isa = XCConfigurationList;
			buildConfigurations = (
				6DE1E4CF2B6635AC0022EA19 /* Debug */,
				6DE1E4D02B6635AC0022EA19 /* Release */,
			);
			defaultConfigurationIsVisible = 0;
			defaultConfigurationName = Release;
		};
		6DE1E4E62B6635C20022EA19 /* Build configuration list for PBXNativeTarget "EmojiChangerWidgetExtension" */ = {
			isa = XCConfigurationList;
			buildConfigurations = (
				6DE1E4E72B6635C20022EA19 /* Debug */,
				6DE1E4E82B6635C20022EA19 /* Release */,
			);
			defaultConfigurationIsVisible = 0;
			defaultConfigurationName = Release;
		};
/* End XCConfigurationList section */
	};
	rootObject = 6DE1E4B82B6635AB0022EA19 /* Project object */;
}
